{
  "name": "ddns-lambda",
  "version": "0.1.0",
  "lockfileVersion": 1,
  "requires": true,
  "dependencies": {
    "lodash.get": {
      "version": "4.4.2",
      "resolved": "https://registry.npmjs.org/lodash.get/-/lodash.get-4.4.2.tgz",
      "integrity": "sha1-LRd/ZS+jHpObRDjVNBSZ36OCXpk=",
      "dev": true
    },
    "lodash.isempty": {
      "version": "4.4.0",
      "resolved": "https://registry.npmjs.org/lodash.isempty/-/lodash.isempty-4.4.0.tgz",
      "integrity": "sha1-b4bL7di+TsmHvpqvM8loTbGzHn4=",
      "dev": true
    },
    "serverless-api-gateway-throttling": {
      "version": "1.1.0",
      "resolved": "https://registry.npmjs.org/serverless-api-gateway-throttling/-/serverless-api-gateway-throttling-1.1.0.tgz",
      "integrity": "sha512-G7oGljm8P0dQRoOMk5WwhHf698j8/f/BJMSxydeLN8RZilESqwNf5Yn0Dr2+7Z+VCqJ5vgUKpvVBcov/9nLqwA==",
      "dev": true,
      "requires": {
        "lodash.get": "^4.4.2",
        "lodash.isempty": "^4.4.0"
      }
    }
  }
}
